
Microsoft Visual Studio Solution File, Format Version 12.00
# Visual Studio 15
VisualStudioVersion = 15.0.26730.12
MinimumVisualStudioVersion = 10.0.40219.1
Project("{FAE04EC0-301F-11D3-BF4B-00C04F79EFBC}") = "WFPHelloWolrd", "WFPHelloWolrd\WFPHelloWolrd.csproj", "{F3BC8A58-547C-415E-84C0-D0236F3DB3B2}"
EndProject
Global
	GlobalSection(SolutionConfigurationPlatforms) = preSolution
		Debug|Any CPU = Debug|Any CPU
		Release|Any CPU = Release|Any CPU
	EndGlobalSection
	GlobalSection(ProjectConfigurationPlatforms) = postSolution
		{F3BC8A58-547C-415E-84C0-D0236F3DB3B2}.Debug|Any CPU.ActiveCfg = Debug|Any CPU
		{F3BC8A58-547C-415E-84C0-D0236F3DB3B2}.Debug|Any CPU.Build.0 = Debug|Any CPU
		{F3BC8A58-547C-415E-84C0-D0236F3DB3B2}.Release|Any CPU.ActiveCfg = Release|Any CPU
		{F3BC8A58-547C-415E-84C0-D0236F3DB3B2}.Release|Any CPU.Build.0 = Release|Any CPU
	EndGlobalSection
	GlobalSection(SolutionProperties) = preSolution
		HideSolutionNode = FALSE
	EndGlobalSection
	GlobalSection(ExtensibilityGlobals) = postSolution
		SolutionGuid = {B2D0E27C-06A8-461E-959D-68785735503A}
	EndGlobalSection
EndGlobal
